
Microsoft Visual Studio Solution File, Format Version 12.00
# Visual Studio Version 16
VisualStudioVersion = 16.0.33423.256
MinimumVisualStudioVersion = 10.0.40219.1
Project("{FAE04EC0-301F-11D3-BF4B-00C04F79EFBC}") = "Kütüphane_Otomasyonu", "Kütüphane_Otomasyonu\Kütüphane_Otomasyonu.csproj", "{2ADCF240-5AFE-42A1-9335-768849427AE8}"
EndProject
Global
	GlobalSection(SolutionConfigurationPlatforms) = preSolution
		Debug|Any CPU = Debug|Any CPU
		Release|Any CPU = Release|Any CPU
	EndGlobalSection
	GlobalSection(ProjectConfigurationPlatforms) = postSolution
		{2ADCF240-5AFE-42A1-9335-768849427AE8}.Debug|Any CPU.ActiveCfg = Debug|Any CPU
		{2ADCF240-5AFE-42A1-9335-768849427AE8}.Debug|Any CPU.Build.0 = Debug|Any CPU
		{2ADCF240-5AFE-42A1-9335-768849427AE8}.Release|Any CPU.ActiveCfg = Release|Any CPU
		{2ADCF240-5AFE-42A1-9335-768849427AE8}.Release|Any CPU.Build.0 = Release|Any CPU
	EndGlobalSection
	GlobalSection(SolutionProperties) = preSolution
		HideSolutionNode = FALSE
	EndGlobalSection
	GlobalSection(ExtensibilityGlobals) = postSolution
		SolutionGuid = {EE34C658-9342-4475-89F9-100FB6AD9D1D}
	EndGlobalSection
EndGlobal
